
Microsoft Visual Studio Solution File, Format Version 12.00
# Visual Studio Version 16
VisualStudioVersion = 16.0.30517.126
MinimumVisualStudioVersion = 10.0.40219.1
Project("{FAE04EC0-301F-11D3-BF4B-00C04F79EFBC}") = "Greetings", "Greetings\Greetings.csproj", "{FA9E7E56-5D27-450B-B14E-9C90B66FAD3A}"
EndProject
Project("{FAE04EC0-301F-11D3-BF4B-00C04F79EFBC}") = "GreetingsV2", "GreetingsV2\GreetingsV2.csproj", "{15F94CE3-B9EF-4F7E-BD06-26A93DEB0120}"
EndProject
Global
	GlobalSection(SolutionConfigurationPlatforms) = preSolution
		Debug|Any CPU = Debug|Any CPU
		Release|Any CPU = Release|Any CPU
	EndGlobalSection
	GlobalSection(ProjectConfigurationPlatforms) = postSolution
		{FA9E7E56-5D27-450B-B14E-9C90B66FAD3A}.Debug|Any CPU.ActiveCfg = Debug|Any CPU
		{FA9E7E56-5D27-450B-B14E-9C90B66FAD3A}.Debug|Any CPU.Build.0 = Debug|Any CPU
		{FA9E7E56-5D27-450B-B14E-9C90B66FAD3A}.Release|Any CPU.ActiveCfg = Release|Any CPU
		{FA9E7E56-5D27-450B-B14E-9C90B66FAD3A}.Release|Any CPU.Build.0 = Release|Any CPU
		{15F94CE3-B9EF-4F7E-BD06-26A93DEB0120}.Debug|Any CPU.ActiveCfg = Debug|Any CPU
		{15F94CE3-B9EF-4F7E-BD06-26A93DEB0120}.Debug|Any CPU.Build.0 = Debug|Any CPU
		{15F94CE3-B9EF-4F7E-BD06-26A93DEB0120}.Release|Any CPU.ActiveCfg = Release|Any CPU
		{15F94CE3-B9EF-4F7E-BD06-26A93DEB0120}.Release|Any CPU.Build.0 = Release|Any CPU
	EndGlobalSection
	GlobalSection(SolutionProperties) = preSolution
		HideSolutionNode = FALSE
	EndGlobalSection
	GlobalSection(ExtensibilityGlobals) = postSolution
		SolutionGuid = {4010F844-DFB1-4772-A873-5CE67242B651}
	EndGlobalSection
EndGlobal
